// !$*UTF8*$!
{
	archiveVersion = 1;
	classes = {
	};
	objectVersion = 77;
	objects = {

/* Begin PBXContainerItemProxy section */
		88DD89E22D5A9C3C00408E30 /* PBXContainerItemProxy */ = {
			isa = PBXContainerItemProxy;
			containerPortal = 88DD89C92D5A9C3A00408E30 /* Project object */;
			proxyType = 1;
			remoteGlobalIDString = 88DD89D02D5A9C3A00408E30;
			remoteInfo = Petnote;
		};
		88DD89EC2D5A9C3C00408E30 /* PBXContainerItemProxy */ = {
			isa = PBXContainerItemProxy;
			containerPortal = 88DD89C92D5A9C3A00408E30 /* Project object */;
			proxyType = 1;
			remoteGlobalIDString = 88DD89D02D5A9C3A00408E30;
			remoteInfo = Petnote;
		};
/* End PBXContainerItemProxy section */

/* Begin PBXFileReference section */
		88DD89D12D5A9C3A00408E30 /* Petnote.app */ = {isa = PBXFileReference; explicitFileType = wrapper.application; includeInIndex = 0; path = Petnote.app; sourceTree = BUILT_PRODUCTS_DIR; };
		88DD89E12D5A9C3C00408E30 /* PetnoteTests.xctest */ = {isa = PBXFileReference; explicitFileType = wrapper.cfbundle; includeInIndex = 0; path = PetnoteTests.xctest; sourceTree = BUILT_PRODUCTS_DIR; };
		88DD89EB2D5A9C3C00408E30 /* PetnoteUITests.xctest */ = {isa = PBXFileReference; explicitFileType = wrapper.cfbundle; includeInIndex = 0; path = PetnoteUITests.xctest; sourceTree = BUILT_PRODUCTS_DIR; };
/* End PBXFileReference section */

/* Begin PBXFileSystemSynchronizedBuildFileExceptionSet section */
		889D45742D67D5D600A14B9C /* Exceptions for "Petnote" folder in "Petnote" target */ = {
			isa = PBXFileSystemSynchronizedBuildFileExceptionSet;
			membershipExceptions = (
				Info.plist,
			);
			target = 88DD89D02D5A9C3A00408E30 /* Petnote */;
		};
/* End PBXFileSystemSynchronizedBuildFileExceptionSet section */

/* Begin PBXFileSystemSynchronizedRootGroup section */
		88DD89D32D5A9C3A00408E30 /* Petnote */ = {
			isa = PBXFileSystemSynchronizedRootGroup;
			exceptions = (
				889D45742D67D5D600A14B9C /* Exceptions for "Petnote" folder in "Petnote" target */,
			);
			path = Petnote;
			sourceTree = "<group>";
		};
		88DD89E42D5A9C3C00408E30 /* PetnoteTests */ = {
			isa = PBXFileSystemSynchronizedRootGroup;
			path = PetnoteTests;
			sourceTree = "<group>";
		};
		88DD89EE2D5A9C3C00408E30 /* PetnoteUITests */ = {
			isa = PBXFileSystemSynchronizedRootGroup;
			path = PetnoteUITests;
			sourceTree = "<group>";
		};
/* End PBXFileSystemSynchronizedRootGroup section */

/* Begin PBXFrameworksBuildPhase section */
		88DD89CE2D5A9C3A00408E30 /* Frameworks */ = {
			isa = PBXFrameworksBuildPhase;
			buildActionMask = 2147483647;
			files = (
			);
			runOnlyForDeploymentPostprocessing = 0;
		};
		88DD89DE2D5A9C3C00408E30 /* Frameworks */ = {
			isa = PBXFrameworksBuildPhase;
			buildActionMask = 2147483647;
			files = (
			);
			runOnlyForDeploymentPostprocessing = 0;
		};
		88DD89E82D5A9C3C00408E30 /* Frameworks */ = {
			isa = PBXFrameworksBuildPhase;
			buildActionMask = 2147483647;
			files = (
			);
			runOnlyForDeploymentPostprocessing = 0;
		};
/* End PBXFrameworksBuildPhase section */

/* Begin PBXGroup section */
		88DD89C82D5A9C3A00408E30 = {
			isa = PBXGroup;
			children = (
				88DD89D32D5A9C3A00408E30 /* Petnote */,
				88DD89E42D5A9C3C00408E30 /* PetnoteTests */,
				88DD89EE2D5A9C3C00408E30 /* PetnoteUITests */,
				88DD89D22D5A9C3A00408E30 /* Products */,
			);
			sourceTree = "<group>";
		};
		88DD89D22D5A9C3A00408E30 /* Products */ = {
			isa = PBXGroup;
			children = (
				88DD89D12D5A9C3A00408E30 /* Petnote.app */,
				88DD89E12D5A9C3C00408E30 /* PetnoteTests.xctest */,
				88DD89EB2D5A9C3C00408E30 /* PetnoteUITests.xctest */,
			);
			name = Products;
			sourceTree = "<group>";
		};
/* End PBXGroup section */

/* Begin PBXNativeTarget section */
		88DD89D02D5A9C3A00408E30 /* Petnote */ = {
			isa = PBXNativeTarget;
			buildConfigurationList = 88DD89F52D5A9C3C00408E30 /* Build configuration list for PBXNativeTarget "Petnote" */;
			buildPhases = (
				88DD89CD2D5A9C3A00408E30 /* Sources */,
				88DD89CE2D5A9C3A00408E30 /* Frameworks */,
				88DD89CF2D5A9C3A00408E30 /* Resources */,
			);
			buildRules = (
			);
			dependencies = (
			);
			fileSystemSynchronizedGroups = (
				88DD89D32D5A9C3A00408E30 /* Petnote */,
			);
			name = Petnote;
			packageProductDependencies = (
			);
			productName = Petnote;
			productReference = 88DD89D12D5A9C3A00408E30 /* Petnote.app */;
			productType = "com.apple.product-type.application";
		};
		88DD89E02D5A9C3C00408E30 /* PetnoteTests */ = {
			isa = PBXNativeTarget;
			buildConfigurationList = 88DD89F82D5A9C3C00408E30 /* Build configuration list for PBXNativeTarget "PetnoteTests" */;
			buildPhases = (
				88DD89DD2D5A9C3C00408E30 /* Sources */,
				88DD89DE2D5A9C3C00408E30 /* Frameworks */,
				88DD89DF2D5A9C3C00408E30 /* Resources */,
			);
			buildRules = (
			);
			dependencies = (
				88DD89E32D5A9C3C00408E30 /* PBXTargetDependency */,
			);
			fileSystemSynchronizedGroups = (
				88DD89E42D5A9C3C00408E30 /* PetnoteTests */,
			);
			name = PetnoteTests;
			packageProductDependencies = (
			);
			productName = PetnoteTests;
			productReference = 88DD89E12D5A9C3C00408E30 /* PetnoteTests.xctest */;
			productType = "com.apple.product-type.bundle.unit-test";
		};
		88DD89EA2D5A9C3C00408E30 /* PetnoteUITests */ = {
			isa = PBXNativeTarget;
			buildConfigurationList = 88DD89FB2D5A9C3C00408E30 /* Build configuration list for PBXNativeTarget "PetnoteUITests" */;
			buildPhases = (
				88DD89E72D5A9C3C00408E30 /* Sources */,
				88DD89E82D5A9C3C00408E30 /* Frameworks */,
				88DD89E92D5A9C3C00408E30 /* Resources */,
			);
			buildRules = (
			);
			dependencies = (
				88DD89ED2D5A9C3C00408E30 /* PBXTargetDependency */,
			);
			fileSystemSynchronizedGroups = (
				88DD89EE2D5A9C3C00408E30 /* PetnoteUITests */,
			);
			name = PetnoteUITests;
			packageProductDependencies = (
			);
			productName = PetnoteUITests;
			productReference = 88DD89EB2D5A9C3C00408E30 /* PetnoteUITests.xctest */;
			productType = "com.apple.product-type.bundle.ui-testing";
		};
/* End PBXNativeTarget section */

/* Begin PBXProject section */
		88DD89C92D5A9C3A00408E30 /* Project object */ = {
			isa = PBXProject;
			attributes = {
				BuildIndependentTargetsInParallel = 1;
				LastSwiftUpdateCheck = 1620;
				LastUpgradeCheck = 1620;
				TargetAttributes = {
					88DD89D02D5A9C3A00408E30 = {
						CreatedOnToolsVersion = 16.2;
					};
					88DD89E02D5A9C3C00408E30 = {
						CreatedOnToolsVersion = 16.2;
						TestTargetID = 88DD89D02D5A9C3A00408E30;
					};
					88DD89EA2D5A9C3C00408E30 = {
						CreatedOnToolsVersion = 16.2;
						TestTargetID = 88DD89D02D5A9C3A00408E30;
					};
				};
			};
			buildConfigurationList = 88DD89CC2D5A9C3A00408E30 /* Build configuration list for PBXProject "NotePet" */;
			developmentRegion = en;
			hasScannedForEncodings = 0;
			knownRegions = (
				en,
				Base,
			);
			mainGroup = 88DD89C82D5A9C3A00408E30;
			minimizedProjectReferenceProxies = 1;
			preferredProjectObjectVersion = 77;
			productRefGroup = 88DD89D22D5A9C3A00408E30 /* Products */;
			projectDirPath = "";
			projectRoot = "";
			targets = (
				88DD89D02D5A9C3A00408E30 /* Petnote */,
				88DD89E02D5A9C3C00408E30 /* PetnoteTests */,
				88DD89EA2D5A9C3C00408E30 /* PetnoteUITests */,
			);
		};
/* End PBXProject section */

/* Begin PBXResourcesBuildPhase section */
		88DD89CF2D5A9C3A00408E30 /* Resources */ = {
			isa = PBXResourcesBuildPhase;
			buildActionMask = 2147483647;
			files = (
			);
			runOnlyForDeploymentPostprocessing = 0;
		};
		88DD89DF2D5A9C3C00408E30 /* Resources */ = {
			isa = PBXResourcesBuildPhase;
			buildActionMask = 2147483647;
			files = (
			);
			runOnlyForDeploymentPostprocessing = 0;
		};
		88DD89E92D5A9C3C00408E30 /* Resources */ = {
			isa = PBXResourcesBuildPhase;
			buildActionMask = 2147483647;
			files = (
			);
			runOnlyForDeploymentPostprocessing = 0;
		};
/* End PBXResourcesBuildPhase section */

/* Begin PBXSourcesBuildPhase section */
		88DD89CD2D5A9C3A00408E30 /* Sources */ = {
			isa = PBXSourcesBuildPhase;
			buildActionMask = 2147483647;
			files = (
			);
			runOnlyForDeploymentPostprocessing = 0;
		};
		88DD89DD2D5A9C3C00408E30 /* Sources */ = {
			isa = PBXSourcesBuildPhase;
			buildActionMask = 2147483647;
			files = (
			);
			runOnlyForDeploymentPostprocessing = 0;
		};
		88DD89E72D5A9C3C00408E30 /* Sources */ = {
			isa = PBXSourcesBuildPhase;
			buildActionMask = 2147483647;
			files = (
			);
			runOnlyForDeploymentPostprocessing = 0;
		};
/* End PBXSourcesBuildPhase section */

/* Begin PBXTargetDependency section */
		88DD89E32D5A9C3C00408E30 /* PBXTargetDependency */ = {
			isa = PBXTargetDependency;
			target = 88DD89D02D5A9C3A00408E30 /* Petnote */;
			targetProxy = 88DD89E22D5A9C3C00408E30 /* PBXContainerItemProxy */;
		};
		88DD89ED2D5A9C3C00408E30 /* PBXTargetDependency */ = {
			isa = PBXTargetDependency;
			target = 88DD89D02D5A9C3A00408E30 /* Petnote */;
			targetProxy = 88DD89EC2D5A9C3C00408E30 /* PBXContainerItemProxy */;
		};
/* End PBXTargetDependency section */

/* Begin XCBuildConfiguration section */
		88DD89F32D5A9C3C00408E30 /* Debug */ = {
			isa = XCBuildConfiguration;
			buildSettings = {
				ALWAYS_SEARCH_USER_PATHS = NO;
				ASSETCATALOG_COMPILER_GENERATE_SWIFT_ASSET_SYMBOL_EXTENSIONS = YES;
				CLANG_ANALYZER_NONNULL = YES;
				CLANG_ANALYZER_NUMBER_OBJECT_CONVERSION = YES_AGGRESSIVE;
				CLANG_CXX_LANGUAGE_STANDARD = "gnu++20";
				CLANG_ENABLE_MODULES = YES;
				CLANG_ENABLE_OBJC_ARC = YES;
				CLANG_ENABLE_OBJC_WEAK = YES;
				CLANG_WARN_BLOCK_CAPTURE_AUTORELEASING = YES;
				CLANG_WARN_BOOL_CONVERSION = YES;
				CLANG_WARN_COMMA = YES;
				CLANG_WARN_CONSTANT_CONVERSION = YES;
				CLANG_WARN_DEPRECATED_OBJC_IMPLEMENTATIONS = YES;
				CLANG_WARN_DIRECT_OBJC_ISA_USAGE = YES_ERROR;
				CLANG_WARN_DOCUMENTATION_COMMENTS = YES;
				CLANG_WARN_EMPTY_BODY = YES;
				CLANG_WARN_ENUM_CONVERSION = YES;
				CLANG_WARN_INFINITE_RECURSION = YES;
				CLANG_WARN_INT_CONVERSION = YES;
				CLANG_WARN_NON_LITERAL_NULL_CONVERSION = YES;
				CLANG_WARN_OBJC_IMPLICIT_RETAIN_SELF = YES;
				CLANG_WARN_OBJC_LITERAL_CONVERSION = YES;
				CLANG_WARN_OBJC_ROOT_CLASS = YES_ERROR;
				CLANG_WARN_QUOTED_INCLUDE_IN_FRAMEWORK_HEADER = YES;
				CLANG_WARN_RANGE_LOOP_ANALYSIS = YES;
				CLANG_WARN_STRICT_PROTOTYPES = YES;
				CLANG_WARN_SUSPICIOUS_MOVE = YES;
				CLANG_WARN_UNGUARDED_AVAILABILITY = YES_AGGRESSIVE;
				CLANG_WARN_UNREACHABLE_CODE = YES;
				CLANG_WARN__DUPLICATE_METHOD_MATCH = YES;
				COPY_PHASE_STRIP = NO;
				DEBUG_INFORMATION_FORMAT = dwarf;
				ENABLE_STRICT_OBJC_MSGSEND = YES;
				ENABLE_TESTABILITY = YES;
				ENABLE_USER_SCRIPT_SANDBOXING = YES;
				GCC_C_LANGUAGE_STANDARD = gnu17;
				GCC_DYNAMIC_NO_PIC = NO;
				GCC_NO_COMMON_BLOCKS = YES;
				GCC_OPTIMIZATION_LEVEL = 0;
				GCC_PREPROCESSOR_DEFINITIONS = (
					"DEBUG=1",
					"$(inherited)",
				);
				GCC_WARN_64_TO_32_BIT_CONVERSION = YES;
				GCC_WARN_ABOUT_RETURN_TYPE = YES_ERROR;
				GCC_WARN_UNDECLARED_SELECTOR = YES;
				GCC_WARN_UNINITIALIZED_AUTOS = YES_AGGRESSIVE;
				GCC_WARN_UNUSED_FUNCTION = YES;
				GCC_WARN_UNUSED_VARIABLE = YES;
				IPHONEOS_DEPLOYMENT_TARGET = 18.2;
				LOCALIZATION_PREFERS_STRING_CATALOGS = YES;
				MTL_ENABLE_DEBUG_INFO = INCLUDE_SOURCE;
				MTL_FAST_MATH = YES;
				ONLY_ACTIVE_ARCH = YES;
				SDKROOT = iphoneos;
				SWIFT_ACTIVE_COMPILATION_CONDITIONS = "DEBUG $(inherited)";
				SWIFT_OPTIMIZATION_LEVEL = "-Onone";
			};
			name = Debug;
		};
		88DD89F42D5A9C3C00408E30 /* Release */ = {
			isa = XCBuildConfiguration;
			buildSettings = {
				ALWAYS_SEARCH_USER_PATHS = NO;
				ASSETCATALOG_COMPILER_GENERATE_SWIFT_ASSET_SYMBOL_EXTENSIONS = YES;
				CLANG_ANALYZER_NONNULL = YES;
				CLANG_ANALYZER_NUMBER_OBJECT_CONVERSION = YES_AGGRESSIVE;
				CLANG_CXX_LANGUAGE_STANDARD = "gnu++20";
				CLANG_ENABLE_MODULES = YES;
				CLANG_ENABLE_OBJC_ARC = YES;
				CLANG_ENABLE_OBJC_WEAK = YES;
				CLANG_WARN_BLOCK_CAPTURE_AUTORELEASING = YES;
				CLANG_WARN_BOOL_CONVERSION = YES;
				CLANG_WARN_COMMA = YES;
				CLANG_WARN_CONSTANT_CONVERSION = YES;
				CLANG_WARN_DEPRECATED_OBJC_IMPLEMENTATIONS = YES;
				CLANG_WARN_DIRECT_OBJC_ISA_USAGE = YES_ERROR;
				CLANG_WARN_DOCUMENTATION_COMMENTS = YES;
				CLANG_WARN_EMPTY_BODY = YES;
				CLANG_WARN_ENUM_CONVERSION = YES;
				CLANG_WARN_INFINITE_RECURSION = YES;
				CLANG_WARN_INT_CONVERSION = YES;
				CLANG_WARN_NON_LITERAL_NULL_CONVERSION = YES;
				CLANG_WARN_OBJC_IMPLICIT_RETAIN_SELF = YES;
				CLANG_WARN_OBJC_LITERAL_CONVERSION = YES;
				CLANG_WARN_OBJC_ROOT_CLASS = YES_ERROR;
				CLANG_WARN_QUOTED_INCLUDE_IN_FRAMEWORK_HEADER = YES;
				CLANG_WARN_RANGE_LOOP_ANALYSIS = YES;
				CLANG_WARN_STRICT_PROTOTYPES = YES;
				CLANG_WARN_SUSPICIOUS_MOVE = YES;
				CLANG_WARN_UNGUARDED_AVAILABILITY = YES_AGGRESSIVE;
				CLANG_WARN_UNREACHABLE_CODE = YES;
				CLANG_WARN__DUPLICATE_METHOD_MATCH = YES;
				COPY_PHASE_STRIP = NO;
				DEBUG_INFORMATION_FORMAT = "dwarf-with-dsym";
				ENABLE_NS_ASSERTIONS = NO;
				ENABLE_STRICT_OBJC_MSGSEND = YES;
				ENABLE_USER_SCRIPT_SANDBOXING = YES;
				GCC_C_LANGUAGE_STANDARD = gnu17;
				GCC_NO_COMMON_BLOCKS = YES;
				GCC_WARN_64_TO_32_BIT_CONVERSION = YES;
				GCC_WARN_ABOUT_RETURN_TYPE = YES_ERROR;
				GCC_WARN_UNDECLARED_SELECTOR = YES;
				GCC_WARN_UNINITIALIZED_AUTOS = YES_AGGRESSIVE;
				GCC_WARN_UNUSED_FUNCTION = YES;
				GCC_WARN_UNUSED_VARIABLE = YES;
				IPHONEOS_DEPLOYMENT_TARGET = 18.2;
				LOCALIZATION_PREFERS_STRING_CATALOGS = YES;
				MTL_ENABLE_DEBUG_INFO = NO;
				MTL_FAST_MATH = YES;
				SDKROOT = iphoneos;
				SWIFT_COMPILATION_MODE = wholemodule;
				VALIDATE_PRODUCT = YES;
			};
			name = Release;
		};
		88DD89F62D5A9C3C00408E30 /* Debug */ = {
			isa = XCBuildConfiguration;
			buildSettings = {
				ASSETCATALOG_COMPILER_APPICON_NAME = AppIcon;
				ASSETCATALOG_COMPILER_GLOBAL_ACCENT_COLOR_NAME = AccentColor;
				CODE_SIGN_ENTITLEMENTS = Petnote/Petnote.entitlements;
				CODE_SIGN_STYLE = Automatic;
				CURRENT_PROJECT_VERSION = 1;
				DEVELOPMENT_ASSET_PATHS = "\"Petnote/Preview Content\"";
				DEVELOPMENT_TEAM = NQ2ZJCK8CB;
				ENABLE_PREVIEWS = YES;
				GENERATE_INFOPLIST_FILE = YES;
				INFOPLIST_FILE = Petnote/Info.plist;
				INFOPLIST_KEY_CFBundleDisplayName = NotePet;
				INFOPLIST_KEY_NSHealthShareUsageDescription = "This app uses HealthKit to show activity with your pets. ";
				INFOPLIST_KEY_NSHealthUpdateUsageDescription = "This app updates your fitness data.";
				INFOPLIST_KEY_NSLocationAlwaysAndWhenInUseUsageDescription = "Precisamos da sua localização mesmo quando o app estiver em segundo plano.";
				INFOPLIST_KEY_NSLocationAlwaysUsageDescription = "Este app usa sua localização para rastrear caminhadas mesmo quando em segundo plano.";
				INFOPLIST_KEY_NSLocationWhenInUseUsageDescription = "Este app precisa acessar sua localização para rastrear caminhadas.";
				INFOPLIST_KEY_UIApplicationSceneManifest_Generation = YES;
				INFOPLIST_KEY_UIApplicationSupportsIndirectInputEvents = YES;
				INFOPLIST_KEY_UILaunchScreen_Generation = YES;
				INFOPLIST_KEY_UILaunchStoryboardName = "Launch Screen.storyboard";
				INFOPLIST_KEY_UISupportedInterfaceOrientations_iPad = "UIInterfaceOrientationPortrait UIInterfaceOrientationPortraitUpsideDown UIInterfaceOrientationLandscapeLeft UIInterfaceOrientationLandscapeRight";
				INFOPLIST_KEY_UISupportedInterfaceOrientations_iPhone = "UIInterfaceOrientationPortrait UIInterfaceOrientationLandscapeLeft UIInterfaceOrientationLandscapeRight";
				LD_RUNPATH_SEARCH_PATHS = (
					"$(inherited)",
					"@executable_path/Frameworks",
				);
				MARKETING_VERSION = 1.0;
				PRODUCT_BUNDLE_IDENTIFIER = jm.Petnote;
				PRODUCT_NAME = "$(TARGET_NAME)";
				SWIFT_EMIT_LOC_STRINGS = YES;
				SWIFT_VERSION = 5.0;
				TARGETED_DEVICE_FAMILY = "1,2";
			};
			name = Debug;
		};
		88DD89F72D5A9C3C00408E30 /* Release */ = {
			isa = XCBuildConfiguration;
			buildSettings = {
				ASSETCATALOG_COMPILER_APPICON_NAME = AppIcon;
				ASSETCATALOG_COMPILER_GLOBAL_ACCENT_COLOR_NAME = AccentColor;
				CODE_SIGN_ENTITLEMENTS = Petnote/Petnote.entitlements;
				CODE_SIGN_STYLE = Automatic;
				CURRENT_PROJECT_VERSION = 1;
				DEVELOPMENT_ASSET_PATHS = "\"Petnote/Preview Content\"";
				DEVELOPMENT_TEAM = NQ2ZJCK8CB;
				ENABLE_PREVIEWS = YES;
				GENERATE_INFOPLIST_FILE = YES;
				INFOPLIST_FILE = Petnote/Info.plist;
				INFOPLIST_KEY_CFBundleDisplayName = NotePet;
				INFOPLIST_KEY_NSHealthShareUsageDescription = "This app uses HealthKit to show activity with your pets. ";
				INFOPLIST_KEY_NSHealthUpdateUsageDescription = "This app updates your fitness data.";
				INFOPLIST_KEY_NSLocationAlwaysAndWhenInUseUsageDescription = "Precisamos da sua localização mesmo quando o app estiver em segundo plano.";
				INFOPLIST_KEY_NSLocationAlwaysUsageDescription = "Este app usa sua localização para rastrear caminhadas mesmo quando em segundo plano.";
				INFOPLIST_KEY_NSLocationWhenInUseUsageDescription = "Este app precisa acessar sua localização para rastrear caminhadas.";
				INFOPLIST_KEY_UIApplicationSceneManifest_Generation = YES;
				INFOPLIST_KEY_UIApplicationSupportsIndirectInputEvents = YES;
				INFOPLIST_KEY_UILaunchScreen_Generation = YES;
				INFOPLIST_KEY_UILaunchStoryboardName = "Launch Screen.storyboard";
				INFOPLIST_KEY_UISupportedInterfaceOrientations_iPad = "UIInterfaceOrientationPortrait UIInterfaceOrientationPortraitUpsideDown UIInterfaceOrientationLandscapeLeft UIInterfaceOrientationLandscapeRight";
				INFOPLIST_KEY_UISupportedInterfaceOrientations_iPhone = "UIInterfaceOrientationPortrait UIInterfaceOrientationLandscapeLeft UIInterfaceOrientationLandscapeRight";
				LD_RUNPATH_SEARCH_PATHS = (
					"$(inherited)",
					"@executable_path/Frameworks",
				);
				MARKETING_VERSION = 1.0;
				PRODUCT_BUNDLE_IDENTIFIER = jm.Petnote;
				PRODUCT_NAME = "$(TARGET_NAME)";
				SWIFT_EMIT_LOC_STRINGS = YES;
				SWIFT_VERSION = 5.0;
				TARGETED_DEVICE_FAMILY = "1,2";
			};
			name = Release;
		};
		88DD89F92D5A9C3C00408E30 /* Debug */ = {
			isa = XCBuildConfiguration;
			buildSettings = {
				BUNDLE_LOADER = "$(TEST_HOST)";
				CODE_SIGN_STYLE = Automatic;
				CURRENT_PROJECT_VERSION = 1;
				GENERATE_INFOPLIST_FILE = YES;
				IPHONEOS_DEPLOYMENT_TARGET = 18.2;
				MARKETING_VERSION = 1.0;
				PRODUCT_BUNDLE_IDENTIFIER = jm.PetnoteTests;
				PRODUCT_NAME = "$(TARGET_NAME)";
				SWIFT_EMIT_LOC_STRINGS = NO;
				SWIFT_VERSION = 5.0;
				TARGETED_DEVICE_FAMILY = "1,2";
				TEST_HOST = "$(BUILT_PRODUCTS_DIR)/Petnote.app/$(BUNDLE_EXECUTABLE_FOLDER_PATH)/Petnote";
			};
			name = Debug;
		};
		88DD89FA2D5A9C3C00408E30 /* Release */ = {
			isa = XCBuildConfiguration;
			buildSettings = {
				BUNDLE_LOADER = "$(TEST_HOST)";
				CODE_SIGN_STYLE = Automatic;
				CURRENT_PROJECT_VERSION = 1;
				GENERATE_INFOPLIST_FILE = YES;
				IPHONEOS_DEPLOYMENT_TARGET = 18.2;
				MARKETING_VERSION = 1.0;
				PRODUCT_BUNDLE_IDENTIFIER = jm.PetnoteTests;
				PRODUCT_NAME = "$(TARGET_NAME)";
				SWIFT_EMIT_LOC_STRINGS = NO;
				SWIFT_VERSION = 5.0;
				TARGETED_DEVICE_FAMILY = "1,2";
				TEST_HOST = "$(BUILT_PRODUCTS_DIR)/Petnote.app/$(BUNDLE_EXECUTABLE_FOLDER_PATH)/Petnote";
			};
			name = Release;
		};
		88DD89FC2D5A9C3C00408E30 /* Debug */ = {
			isa = XCBuildConfiguration;
			buildSettings = {
				CODE_SIGN_STYLE = Automatic;
				CURRENT_PROJECT_VERSION = 1;
				GENERATE_INFOPLIST_FILE = YES;
				MARKETING_VERSION = 1.0;
				PRODUCT_BUNDLE_IDENTIFIER = jm.PetnoteUITests;
				PRODUCT_NAME = "$(TARGET_NAME)";
				SWIFT_EMIT_LOC_STRINGS = NO;
				SWIFT_VERSION = 5.0;
				TARGETED_DEVICE_FAMILY = "1,2";
				TEST_TARGET_NAME = Petnote;
			};
			name = Debug;
		};
		88DD89FD2D5A9C3C00408E30 /* Release */ = {
			isa = XCBuildConfiguration;
			buildSettings = {
				CODE_SIGN_STYLE = Automatic;
				CURRENT_PROJECT_VERSION = 1;
				GENERATE_INFOPLIST_FILE = YES;
				MARKETING_VERSION = 1.0;
				PRODUCT_BUNDLE_IDENTIFIER = jm.PetnoteUITests;
				PRODUCT_NAME = "$(TARGET_NAME)";
				SWIFT_EMIT_LOC_STRINGS = NO;
				SWIFT_VERSION = 5.0;
				TARGETED_DEVICE_FAMILY = "1,2";
				TEST_TARGET_NAME = Petnote;
			};
			name = Release;
		};
/* End XCBuildConfiguration section */

/* Begin XCConfigurationList section */
		88DD89CC2D5A9C3A00408E30 /* Build configuration list for PBXProject "NotePet" */ = {
			isa = XCConfigurationList;
			buildConfigurations = (
				88DD89F32D5A9C3C00408E30 /* Debug */,
				88DD89F42D5A9C3C00408E30 /* Release */,
			);
			defaultConfigurationIsVisible = 0;
			defaultConfigurationName = Release;
		};
		88DD89F52D5A9C3C00408E30 /* Build configuration list for PBXNativeTarget "Petnote" */ = {
			isa = XCConfigurationList;
			buildConfigurations = (
				88DD89F62D5A9C3C00408E30 /* Debug */,
				88DD89F72D5A9C3C00408E30 /* Release */,
			);
			defaultConfigurationIsVisible = 0;
			defaultConfigurationName = Release;
		};
		88DD89F82D5A9C3C00408E30 /* Build configuration list for PBXNativeTarget "PetnoteTests" */ = {
			isa = XCConfigurationList;
			buildConfigurations = (
				88DD89F92D5A9C3C00408E30 /* Debug */,
				88DD89FA2D5A9C3C00408E30 /* Release */,
			);
			defaultConfigurationIsVisible = 0;
			defaultConfigurationName = Release;
		};
		88DD89FB2D5A9C3C00408E30 /* Build configuration list for PBXNativeTarget "PetnoteUITests" */ = {
			isa = XCConfigurationList;
			buildConfigurations = (
				88DD89FC2D5A9C3C00408E30 /* Debug */,
				88DD89FD2D5A9C3C00408E30 /* Release */,
			);
			defaultConfigurationIsVisible = 0;
			defaultConfigurationName = Release;
		};
/* End XCConfigurationList section */
	};
	rootObject = 88DD89C92D5A9C3A00408E30 /* Project object */;
}
